
Microsoft Visual Studio Solution File, Format Version 12.00
# Visual Studio Version 17
VisualStudioVersion = 17.9.34616.47
MinimumVisualStudioVersion = 10.0.40219.1
Project("{8BC9CEB8-8B4A-11D0-8D11-00A0C91BC942}") = "Polimorpi", "Polimorpi\Polimorpi.vcxproj", "{85F01F6C-3AFC-4504-B186-9F1DA61F3F0F}"
EndProject
Project("{8BC9CEB8-8B4A-11D0-8D11-00A0C91BC942}") = "abstraksi", "abstraksi\abstraksi.vcxproj", "{E7EF5461-ED6C-4161-B894-5650FA9F6EC8}"
EndProject
Project("{8BC9CEB8-8B4A-11D0-8D11-00A0C91BC942}") = "enkapsulasi", "enkapsulasi\enkapsulasi.vcxproj", "{4DBB4ADC-7168-42A5-A490-F642D0BA661F}"
EndProject
Project("{8BC9CEB8-8B4A-11D0-8D11-00A0C91BC942}") = "noOverriding", "oOverriding\oOverriding.vcxproj", "{102212C9-ED3A-49E2-8A47-153E647E7FA2}"
EndProject
Project("{8BC9CEB8-8B4A-11D0-8D11-00A0C91BC942}") = "multiwaris", "multiwaris\multiwaris.vcxproj", "{2F87875D-6AE4-48E3-8F9C-5148E00CF3B6}"
EndProject
Project("{8BC9CEB8-8B4A-11D0-8D11-00A0C91BC942}") = "solveMultiwaris", "solveMultiwaris\solveMultiwaris.vcxproj", "{7EC8C36A-5574-4364-A4DB-E25B8DB40F1F}"
EndProject
Project("{8BC9CEB8-8B4A-11D0-8D11-00A0C91BC942}") = "NoPewaris", "NoPewaris\NoPewaris.vcxproj", "{43DC8F88-E6A5-438C-BC49-B74B44F4409D}"
EndProject
Global
	GlobalSection(SolutionConfigurationPlatforms) = preSolution
		Debug|x64 = Debug|x64
		Debug|x86 = Debug|x86
		Release|x64 = Release|x64
		Release|x86 = Release|x86
	EndGlobalSection
	GlobalSection(ProjectConfigurationPlatforms) = postSolution
		{85F01F6C-3AFC-4504-B186-9F1DA61F3F0F}.Debug|x64.ActiveCfg = Debug|x64
		{85F01F6C-3AFC-4504-B186-9F1DA61F3F0F}.Debug|x64.Build.0 = Debug|x64
		{85F01F6C-3AFC-4504-B186-9F1DA61F3F0F}.Debug|x86.ActiveCfg = Debug|Win32
		{85F01F6C-3AFC-4504-B186-9F1DA61F3F0F}.Debug|x86.Build.0 = Debug|Win32
		{85F01F6C-3AFC-4504-B186-9F1DA61F3F0F}.Release|x64.ActiveCfg = Release|x64
		{85F01F6C-3AFC-4504-B186-9F1DA61F3F0F}.Release|x64.Build.0 = Release|x64
		{85F01F6C-3AFC-4504-B186-9F1DA61F3F0F}.Release|x86.ActiveCfg = Release|Win32
		{85F01F6C-3AFC-4504-B186-9F1DA61F3F0F}.Release|x86.Build.0 = Release|Win32
		{E7EF5461-ED6C-4161-B894-5650FA9F6EC8}.Debug|x64.ActiveCfg = Debug|x64
		{E7EF5461-ED6C-4161-B894-5650FA9F6EC8}.Debug|x64.Build.0 = Debug|x64
		{E7EF5461-ED6C-4161-B894-5650FA9F6EC8}.Debug|x86.ActiveCfg = Debug|Win32
		{E7EF5461-ED6C-4161-B894-5650FA9F6EC8}.Debug|x86.Build.0 = Debug|Win32
		{E7EF5461-ED6C-4161-B894-5650FA9F6EC8}.Release|x64.ActiveCfg = Release|x64
		{E7EF5461-ED6C-4161-B894-5650FA9F6EC8}.Release|x64.Build.0 = Release|x64
		{E7EF5461-ED6C-4161-B894-5650FA9F6EC8}.Release|x86.ActiveCfg = Release|Win32
		{E7EF5461-ED6C-4161-B894-5650FA9F6EC8}.Release|x86.Build.0 = Release|Win32
		{4DBB4ADC-7168-42A5-A490-F642D0BA661F}.Debug|x64.ActiveCfg = Debug|x64
		{4DBB4ADC-7168-42A5-A490-F642D0BA661F}.Debug|x64.Build.0 = Debug|x64
		{4DBB4ADC-7168-42A5-A490-F642D0BA661F}.Debug|x86.ActiveCfg = Debug|Win32
		{4DBB4ADC-7168-42A5-A490-F642D0BA661F}.Debug|x86.Build.0 = Debug|Win32
		{4DBB4ADC-7168-42A5-A490-F642D0BA661F}.Release|x64.ActiveCfg = Release|x64
		{4DBB4ADC-7168-42A5-A490-F642D0BA661F}.Release|x64.Build.0 = Release|x64
		{4DBB4ADC-7168-42A5-A490-F642D0BA661F}.Release|x86.ActiveCfg = Release|Win32
		{4DBB4ADC-7168-42A5-A490-F642D0BA661F}.Release|x86.Build.0 = Release|Win32
		{102212C9-ED3A-49E2-8A47-153E647E7FA2}.Debug|x64.ActiveCfg = Debug|x64
		{102212C9-ED3A-49E2-8A47-153E647E7FA2}.Debug|x64.Build.0 = Debug|x64
		{102212C9-ED3A-49E2-8A47-153E647E7FA2}.Debug|x86.ActiveCfg = Debug|Win32
		{102212C9-ED3A-49E2-8A47-153E647E7FA2}.Debug|x86.Build.0 = Debug|Win32
		{102212C9-ED3A-49E2-8A47-153E647E7FA2}.Release|x64.ActiveCfg = Release|x64
		{102212C9-ED3A-49E2-8A47-153E647E7FA2}.Release|x64.Build.0 = Release|x64
		{102212C9-ED3A-49E2-8A47-153E647E7FA2}.Release|x86.ActiveCfg = Release|Win32
		{102212C9-ED3A-49E2-8A47-153E647E7FA2}.Release|x86.Build.0 = Release|Win32
		{2F87875D-6AE4-48E3-8F9C-5148E00CF3B6}.Debug|x64.ActiveCfg = Debug|x64
		{2F87875D-6AE4-48E3-8F9C-5148E00CF3B6}.Debug|x64.Build.0 = Debug|x64
		{2F87875D-6AE4-48E3-8F9C-5148E00CF3B6}.Debug|x86.ActiveCfg = Debug|Win32
		{2F87875D-6AE4-48E3-8F9C-5148E00CF3B6}.Debug|x86.Build.0 = Debug|Win32
		{2F87875D-6AE4-48E3-8F9C-5148E00CF3B6}.Release|x64.ActiveCfg = Release|x64
		{2F87875D-6AE4-48E3-8F9C-5148E00CF3B6}.Release|x64.Build.0 = Release|x64
		{2F87875D-6AE4-48E3-8F9C-5148E00CF3B6}.Release|x86.ActiveCfg = Release|Win32
		{2F87875D-6AE4-48E3-8F9C-5148E00CF3B6}.Release|x86.Build.0 = Release|Win32
		{7EC8C36A-5574-4364-A4DB-E25B8DB40F1F}.Debug|x64.ActiveCfg = Debug|x64
		{7EC8C36A-5574-4364-A4DB-E25B8DB40F1F}.Debug|x64.Build.0 = Debug|x64
		{7EC8C36A-5574-4364-A4DB-E25B8DB40F1F}.Debug|x86.ActiveCfg = Debug|Win32
		{7EC8C36A-5574-4364-A4DB-E25B8DB40F1F}.Debug|x86.Build.0 = Debug|Win32
		{7EC8C36A-5574-4364-A4DB-E25B8DB40F1F}.Release|x64.ActiveCfg = Release|x64
		{7EC8C36A-5574-4364-A4DB-E25B8DB40F1F}.Release|x64.Build.0 = Release|x64
		{7EC8C36A-5574-4364-A4DB-E25B8DB40F1F}.Release|x86.ActiveCfg = Release|Win32
		{7EC8C36A-5574-4364-A4DB-E25B8DB40F1F}.Release|x86.Build.0 = Release|Win32
		{43DC8F88-E6A5-438C-BC49-B74B44F4409D}.Debug|x64.ActiveCfg = Debug|x64
		{43DC8F88-E6A5-438C-BC49-B74B44F4409D}.Debug|x64.Build.0 = Debug|x64
		{43DC8F88-E6A5-438C-BC49-B74B44F4409D}.Debug|x86.ActiveCfg = Debug|Win32
		{43DC8F88-E6A5-438C-BC49-B74B44F4409D}.Debug|x86.Build.0 = Debug|Win32
		{43DC8F88-E6A5-438C-BC49-B74B44F4409D}.Release|x64.ActiveCfg = Release|x64
		{43DC8F88-E6A5-438C-BC49-B74B44F4409D}.Release|x64.Build.0 = Release|x64
		{43DC8F88-E6A5-438C-BC49-B74B44F4409D}.Release|x86.ActiveCfg = Release|Win32
		{43DC8F88-E6A5-438C-BC49-B74B44F4409D}.Release|x86.Build.0 = Release|Win32
	EndGlobalSection
	GlobalSection(SolutionProperties) = preSolution
		HideSolutionNode = FALSE
	EndGlobalSection
	GlobalSection(ExtensibilityGlobals) = postSolution
		SolutionGuid = {75AB6446-6C05-4EDF-A86D-8351CA9A4980}
	EndGlobalSection
EndGlobal
